{
  "requires": true,
  "lockfileVersion": 1,
  "dependencies": {
    "andrewwtan-frame-print": {
      "version": "1.0.0",
      "resolved": "https://registry.npmjs.org/andrewwtan-frame-print/-/andrewwtan-frame-print-1.0.0.tgz",
      "integrity": "sha512-bZ465DRbw1zNVmAM2qjY8FEFPomnI2rHgmlQpQVP44KvXtDScjhB5ES2NDEXwLp8TMiwVToLjWFKTSQVccUuLA=="
    }
  }
}
